
Microsoft Visual Studio Solution File, Format Version 12.00
# Visual Studio Version 16
VisualStudioVersion = 16.0.31424.327
MinimumVisualStudioVersion = 10.0.40219.1
Project("{9A19103F-16F7-4668-BE54-9A1E7A4F7556}") = "ConsoleUI", "ConsoleUI\ConsoleUI.csproj", "{2E0A05F7-D97E-4BBD-8099-46B61A040F8F}"
EndProject
Project("{9A19103F-16F7-4668-BE54-9A1E7A4F7556}") = "DemoLibrary", "DemoLibrary\DemoLibrary.csproj", "{88A500A7-86E3-47DD-890D-001FAE82279C}"
EndProject
Project("{FAE04EC0-301F-11D3-BF4B-00C04F79EFBC}") = "WinFormUI", "WinFormUI\WinFormUI.csproj", "{620104A0-0510-4584-BEA7-09F257FF7C6C}"
EndProject
Global
	GlobalSection(SolutionConfigurationPlatforms) = preSolution
		Debug|Any CPU = Debug|Any CPU
		Release|Any CPU = Release|Any CPU
	EndGlobalSection
	GlobalSection(ProjectConfigurationPlatforms) = postSolution
		{2E0A05F7-D97E-4BBD-8099-46B61A040F8F}.Debug|Any CPU.ActiveCfg = Debug|Any CPU
		{2E0A05F7-D97E-4BBD-8099-46B61A040F8F}.Debug|Any CPU.Build.0 = Debug|Any CPU
		{2E0A05F7-D97E-4BBD-8099-46B61A040F8F}.Release|Any CPU.ActiveCfg = Release|Any CPU
		{2E0A05F7-D97E-4BBD-8099-46B61A040F8F}.Release|Any CPU.Build.0 = Release|Any CPU
		{88A500A7-86E3-47DD-890D-001FAE82279C}.Debug|Any CPU.ActiveCfg = Debug|Any CPU
		{88A500A7-86E3-47DD-890D-001FAE82279C}.Debug|Any CPU.Build.0 = Debug|Any CPU
		{88A500A7-86E3-47DD-890D-001FAE82279C}.Release|Any CPU.ActiveCfg = Release|Any CPU
		{88A500A7-86E3-47DD-890D-001FAE82279C}.Release|Any CPU.Build.0 = Release|Any CPU
		{620104A0-0510-4584-BEA7-09F257FF7C6C}.Debug|Any CPU.ActiveCfg = Debug|Any CPU
		{620104A0-0510-4584-BEA7-09F257FF7C6C}.Debug|Any CPU.Build.0 = Debug|Any CPU
		{620104A0-0510-4584-BEA7-09F257FF7C6C}.Release|Any CPU.ActiveCfg = Release|Any CPU
		{620104A0-0510-4584-BEA7-09F257FF7C6C}.Release|Any CPU.Build.0 = Release|Any CPU
	EndGlobalSection
	GlobalSection(SolutionProperties) = preSolution
		HideSolutionNode = FALSE
	EndGlobalSection
	GlobalSection(ExtensibilityGlobals) = postSolution
		SolutionGuid = {72CCAD64-5311-459F-8B60-F9ADCDA7B9DF}
	EndGlobalSection
EndGlobal
